
Microsoft Visual Studio Solution File, Format Version 12.00
# Visual Studio Version 17
VisualStudioVersion = 17.0.31903.59
MinimumVisualStudioVersion = 10.0.40219.1
Project("{9A19103F-16F7-4668-BE54-9A1E7A4F7556}") = "KristofferStrube.Blazor.Popover.WasmExample", "samples\KristofferStrube.Blazor.Popover.WasmExample\KristofferStrube.Blazor.Popover.WasmExample.csproj", "{21A8B9BB-BB50-469E-AB0B-00234FC184B1}"
EndProject
Project("{9A19103F-16F7-4668-BE54-9A1E7A4F7556}") = "KristofferStrube.Blazor.Popover", "src\KristofferStrube.Blazor.Popover\KristofferStrube.Blazor.Popover.csproj", "{361C077C-5F48-4F36-AAFD-5B782E7489DA}"
EndProject
Global
	GlobalSection(SolutionConfigurationPlatforms) = preSolution
		Debug|Any CPU = Debug|Any CPU
		Release|Any CPU = Release|Any CPU
	EndGlobalSection
	GlobalSection(ProjectConfigurationPlatforms) = postSolution
		{21A8B9BB-BB50-469E-AB0B-00234FC184B1}.Debug|Any CPU.ActiveCfg = Debug|Any CPU
		{21A8B9BB-BB50-469E-AB0B-00234FC184B1}.Debug|Any CPU.Build.0 = Debug|Any CPU
		{21A8B9BB-BB50-469E-AB0B-00234FC184B1}.Release|Any CPU.ActiveCfg = Release|Any CPU
		{21A8B9BB-BB50-469E-AB0B-00234FC184B1}.Release|Any CPU.Build.0 = Release|Any CPU
		{361C077C-5F48-4F36-AAFD-5B782E7489DA}.Debug|Any CPU.ActiveCfg = Debug|Any CPU
		{361C077C-5F48-4F36-AAFD-5B782E7489DA}.Debug|Any CPU.Build.0 = Debug|Any CPU
		{361C077C-5F48-4F36-AAFD-5B782E7489DA}.Release|Any CPU.ActiveCfg = Release|Any CPU
		{361C077C-5F48-4F36-AAFD-5B782E7489DA}.Release|Any CPU.Build.0 = Release|Any CPU
	EndGlobalSection
	GlobalSection(SolutionProperties) = preSolution
		HideSolutionNode = FALSE
	EndGlobalSection
	GlobalSection(ExtensibilityGlobals) = postSolution
		SolutionGuid = {0056A8B1-D6A9-46B9-A69E-EBBF1449AB6F}
	EndGlobalSection
EndGlobal
